
Microsoft Visual Studio Solution File, Format Version 12.00
# Visual Studio 15
VisualStudioVersion = 15.0.27428.2037
MinimumVisualStudioVersion = 10.0.40219.1
Project("{FAE04EC0-301F-11D3-BF4B-00C04F79EFBC}") = "CommodityMarketSim", "CommodityMarketSim\CommodityMarketSim.csproj", "{611A320A-DC49-4CB2-A203-ED163FF80174}"
EndProject
Project("{FAE04EC0-301F-11D3-BF4B-00C04F79EFBC}") = "MarketSimLibrary", "MarketSimLibrary\MarketSimLibrary.csproj", "{B299202C-B8F3-484A-8CC0-1D151E273341}"
EndProject
Global
	GlobalSection(SolutionConfigurationPlatforms) = preSolution
		Debug|Any CPU = Debug|Any CPU
		Release|Any CPU = Release|Any CPU
	EndGlobalSection
	GlobalSection(ProjectConfigurationPlatforms) = postSolution
		{611A320A-DC49-4CB2-A203-ED163FF80174}.Debug|Any CPU.ActiveCfg = Debug|Any CPU
		{611A320A-DC49-4CB2-A203-ED163FF80174}.Debug|Any CPU.Build.0 = Debug|Any CPU
		{611A320A-DC49-4CB2-A203-ED163FF80174}.Release|Any CPU.ActiveCfg = Release|Any CPU
		{611A320A-DC49-4CB2-A203-ED163FF80174}.Release|Any CPU.Build.0 = Release|Any CPU
		{B299202C-B8F3-484A-8CC0-1D151E273341}.Debug|Any CPU.ActiveCfg = Debug|Any CPU
		{B299202C-B8F3-484A-8CC0-1D151E273341}.Debug|Any CPU.Build.0 = Debug|Any CPU
		{B299202C-B8F3-484A-8CC0-1D151E273341}.Release|Any CPU.ActiveCfg = Release|Any CPU
		{B299202C-B8F3-484A-8CC0-1D151E273341}.Release|Any CPU.Build.0 = Release|Any CPU
	EndGlobalSection
	GlobalSection(SolutionProperties) = preSolution
		HideSolutionNode = FALSE
	EndGlobalSection
	GlobalSection(ExtensibilityGlobals) = postSolution
		SolutionGuid = {52EFC8FE-627D-4DB0-97C9-28B5981F01F8}
	EndGlobalSection
EndGlobal
